
Microsoft Visual Studio Solution File, Format Version 12.00
# Visual Studio Version 17
VisualStudioVersion = 17.3.32929.385
MinimumVisualStudioVersion = 10.0.40219.1
Project("{9A19103F-16F7-4668-BE54-9A1E7A4F7556}") = "Shape.FPSO.WebApi.Rest", "Shape.FPSO.WebApi.Rest\Shape.FPSO.WebApi.Rest.csproj", "{38BB0DB6-A8E2-44F2-BB3B-8F91EF1FD070}"
EndProject
Project("{9A19103F-16F7-4668-BE54-9A1E7A4F7556}") = "Shape.FPSO.Tests", "Shape.Tests\Shape.FPSO.Tests.csproj", "{0ECC9749-224D-4244-A41F-F6E1171F79FD}"
EndProject
Global
	GlobalSection(SolutionConfigurationPlatforms) = preSolution
		Debug|Any CPU = Debug|Any CPU
		Release|Any CPU = Release|Any CPU
	EndGlobalSection
	GlobalSection(ProjectConfigurationPlatforms) = postSolution
		{38BB0DB6-A8E2-44F2-BB3B-8F91EF1FD070}.Debug|Any CPU.ActiveCfg = Debug|Any CPU
		{38BB0DB6-A8E2-44F2-BB3B-8F91EF1FD070}.Debug|Any CPU.Build.0 = Debug|Any CPU
		{38BB0DB6-A8E2-44F2-BB3B-8F91EF1FD070}.Release|Any CPU.ActiveCfg = Release|Any CPU
		{38BB0DB6-A8E2-44F2-BB3B-8F91EF1FD070}.Release|Any CPU.Build.0 = Release|Any CPU
		{0ECC9749-224D-4244-A41F-F6E1171F79FD}.Debug|Any CPU.ActiveCfg = Debug|Any CPU
		{0ECC9749-224D-4244-A41F-F6E1171F79FD}.Debug|Any CPU.Build.0 = Debug|Any CPU
		{0ECC9749-224D-4244-A41F-F6E1171F79FD}.Release|Any CPU.ActiveCfg = Release|Any CPU
		{0ECC9749-224D-4244-A41F-F6E1171F79FD}.Release|Any CPU.Build.0 = Release|Any CPU
	EndGlobalSection
	GlobalSection(SolutionProperties) = preSolution
		HideSolutionNode = FALSE
	EndGlobalSection
	GlobalSection(ExtensibilityGlobals) = postSolution
		SolutionGuid = {9ABDA4AE-1BFE-433B-A1A5-0D03C380CB26}
	EndGlobalSection
EndGlobal
